{
  "requires": true,
  "lockfileVersion": 1,
  "dependencies": {
    "expo-haptics": {
      "version": "14.0.1",
      "resolved": "https://registry.npmjs.org/expo-haptics/-/expo-haptics-14.0.1.tgz",
      "integrity": "sha512-V81FZ7xRUfqM6uSI6FA1KnZ+QpEKnISqafob/xEfcx1ymwhm4V3snuLWWFjmAz+XaZQTqlYa8z3QbqEXz7G63w=="
    }
  }
}
